{
  "name": "hqhmm",
  "lockfileVersion": 2,
  "requires": true,
  "packages": {
    "": {
      "dependencies": {
        "@fortawesome/fontawesome-free": "^6.5.2",
        "bulma": "^1.0.1",
        "delatin": "^0.2.0",
        "htmx.org": "^2.0.1",
        "three": "^0.166.1"
      }
    },
    "node_modules/@fortawesome/fontawesome-free": {
      "version": "6.5.2",
      "resolved": "https://registry.npmjs.org/@fortawesome/fontawesome-free/-/fontawesome-free-6.5.2.tgz",
      "integrity": "sha512-hRILoInAx8GNT5IMkrtIt9blOdrqHOnPBH+k70aWUAqPZPgopb9G5EQJFpaBx/S8zp2fC+mPW349Bziuk1o28Q==",
      "hasInstallScript": true,
      "engines": {
        "node": ">=6"
      }
    },
    "node_modules/bulma": {
      "version": "1.0.1",
      "resolved": "https://registry.npmjs.org/bulma/-/bulma-1.0.1.tgz",
      "integrity": "sha512-+xv/BIAEQakHkR0QVz+s+RjNqfC53Mx9ZYexyaFNFo9wx5i76HXArNdwW7bccyJxa5mgV/T5DcVGqsAB19nBJQ=="
    },
    "node_modules/delatin": {
      "version": "0.2.0",
      "resolved": "https://registry.npmjs.org/delatin/-/delatin-0.2.0.tgz",
      "integrity": "sha512-HvDx6I5Jju/mqFp58/qeSL1wx6rYxsLWpWVSCQvL1Ps8MhVlttwm+Ohl38dUSTN439uxag//vXJm09PqFz+/Og=="
    },
    "node_modules/htmx.org": {
      "version": "2.0.1",
      "resolved": "https://registry.npmjs.org/htmx.org/-/htmx.org-2.0.1.tgz",
      "integrity": "sha512-wO/rWlveSLD2mzRS9Em0v5hlsi6r21iUvaS17GPMgehBbM7eoQmqGQCkscsM67poF24zONgq3gQv+q/cgCHn2w=="
    },
    "node_modules/three": {
      "version": "0.166.1",
      "resolved": "https://registry.npmjs.org/three/-/three-0.166.1.tgz",
      "integrity": "sha512-LtuafkKHHzm61AQA1be2MAYIw1IjmhOUxhBa0prrLpEMWbV7ijvxCRHjSgHPGp2493wLBzwKV46tA9nivLEgKg=="
    }
  },
  "dependencies": {
    "@fortawesome/fontawesome-free": {
      "version": "6.5.2",
      "resolved": "https://registry.npmjs.org/@fortawesome/fontawesome-free/-/fontawesome-free-6.5.2.tgz",
      "integrity": "sha512-hRILoInAx8GNT5IMkrtIt9blOdrqHOnPBH+k70aWUAqPZPgopb9G5EQJFpaBx/S8zp2fC+mPW349Bziuk1o28Q=="
    },
    "bulma": {
      "version": "1.0.1",
      "resolved": "https://registry.npmjs.org/bulma/-/bulma-1.0.1.tgz",
      "integrity": "sha512-+xv/BIAEQakHkR0QVz+s+RjNqfC53Mx9ZYexyaFNFo9wx5i76HXArNdwW7bccyJxa5mgV/T5DcVGqsAB19nBJQ=="
    },
    "delatin": {
      "version": "0.2.0",
      "resolved": "https://registry.npmjs.org/delatin/-/delatin-0.2.0.tgz",
      "integrity": "sha512-HvDx6I5Jju/mqFp58/qeSL1wx6rYxsLWpWVSCQvL1Ps8MhVlttwm+Ohl38dUSTN439uxag//vXJm09PqFz+/Og=="
    },
    "htmx.org": {
      "version": "2.0.1",
      "resolved": "https://registry.npmjs.org/htmx.org/-/htmx.org-2.0.1.tgz",
      "integrity": "sha512-wO/rWlveSLD2mzRS9Em0v5hlsi6r21iUvaS17GPMgehBbM7eoQmqGQCkscsM67poF24zONgq3gQv+q/cgCHn2w=="
    },
    "three": {
      "version": "0.166.1",
      "resolved": "https://registry.npmjs.org/three/-/three-0.166.1.tgz",
      "integrity": "sha512-LtuafkKHHzm61AQA1be2MAYIw1IjmhOUxhBa0prrLpEMWbV7ijvxCRHjSgHPGp2493wLBzwKV46tA9nivLEgKg=="
    }
  }
}
